
Microsoft Visual Studio Solution File, Format Version 12.00
# Visual Studio 14
VisualStudioVersion = 14.0.25420.1
MinimumVisualStudioVersion = 10.0.40219.1
Project("{2150E333-8FDC-42A3-9474-1A3956D46DE8}") = "src", "src", "{4E9ECCC3-28F7-4A08-8F76-F47CDB10B9BD}"
EndProject
Project("{2150E333-8FDC-42A3-9474-1A3956D46DE8}") = "Solution Items", "Solution Items", "{1A354CDE-B0C7-4EFB-98AA-6F100BCBF7D5}"
	ProjectSection(SolutionItems) = preProject
		global.json = global.json
	EndProjectSection
EndProject
Project("{8BB2217D-0F2D-49D1-97BC-3654ED321F3B}") = "AspNetCore", "src\AspNetCore\AspNetCore.xproj", "{4FEC89D6-3576-4C64-B1A7-6499E1B770C8}"
EndProject
Global
	GlobalSection(SolutionConfigurationPlatforms) = preSolution
		Debug|Any CPU = Debug|Any CPU
		Release|Any CPU = Release|Any CPU
	EndGlobalSection
	GlobalSection(ProjectConfigurationPlatforms) = postSolution
		{4FEC89D6-3576-4C64-B1A7-6499E1B770C8}.Debug|Any CPU.ActiveCfg = Debug|Any CPU
		{4FEC89D6-3576-4C64-B1A7-6499E1B770C8}.Debug|Any CPU.Build.0 = Debug|Any CPU
		{4FEC89D6-3576-4C64-B1A7-6499E1B770C8}.Release|Any CPU.ActiveCfg = Release|Any CPU
		{4FEC89D6-3576-4C64-B1A7-6499E1B770C8}.Release|Any CPU.Build.0 = Release|Any CPU
	EndGlobalSection
	GlobalSection(SolutionProperties) = preSolution
		HideSolutionNode = FALSE
	EndGlobalSection
	GlobalSection(NestedProjects) = preSolution
		{4FEC89D6-3576-4C64-B1A7-6499E1B770C8} = {4E9ECCC3-28F7-4A08-8F76-F47CDB10B9BD}
	EndGlobalSection
EndGlobal
